
Microsoft Visual Studio Solution File, Format Version 12.00
# Visual Studio Version 17
VisualStudioVersion = 17.0.32002.185
MinimumVisualStudioVersion = 10.0.40219.1
Project("{FAE04EC0-301F-11D3-BF4B-00C04F79EFBC}") = "SistemaLaboratoriosAutomacao", "SistemaLaboratoriosAutomacao\SistemaLaboratoriosAutomacao.csproj", "{F6D20738-226A-45EA-835B-485708345A4C}"
EndProject
Global
	GlobalSection(SolutionConfigurationPlatforms) = preSolution
		Debug|Any CPU = Debug|Any CPU
		Release|Any CPU = Release|Any CPU
	EndGlobalSection
	GlobalSection(ProjectConfigurationPlatforms) = postSolution
		{F6D20738-226A-45EA-835B-485708345A4C}.Debug|Any CPU.ActiveCfg = Debug|Any CPU
		{F6D20738-226A-45EA-835B-485708345A4C}.Debug|Any CPU.Build.0 = Debug|Any CPU
		{F6D20738-226A-45EA-835B-485708345A4C}.Release|Any CPU.ActiveCfg = Release|Any CPU
		{F6D20738-226A-45EA-835B-485708345A4C}.Release|Any CPU.Build.0 = Release|Any CPU
	EndGlobalSection
	GlobalSection(SolutionProperties) = preSolution
		HideSolutionNode = FALSE
	EndGlobalSection
	GlobalSection(ExtensibilityGlobals) = postSolution
		SolutionGuid = {AD5349E1-1F66-473B-9BB1-2375D5257B40}
	EndGlobalSection
EndGlobal
